
Microsoft Visual Studio Solution File, Format Version 10.00
# Visual Studio 2008
Project("{FAE04EC0-301F-11D3-BF4B-00C04F79EFBC}") = "Oxite", "Oxite\Oxite.csproj", "{D54AF39D-CB43-4D32-A89D-D55EE924AB57}"
EndProject
Project("{A9ACE9BB-CECE-4E62-9AA4-C7E7C5BD2124}") = "Oxite.Database", "Oxite.Database\Oxite.Database.dbproj", "{AB46017D-6A0A-48E2-8E27-FE2E73BEFAC4}"
EndProject
Project("{FAE04EC0-301F-11D3-BF4B-00C04F79EFBC}") = "OxiteSite", "OxiteSite\OxiteSite.csproj", "{9F3B77E5-FD70-4C94-A8DE-503357FE7174}"
EndProject
Project("{FAE04EC0-301F-11D3-BF4B-00C04F79EFBC}") = "Oxite.Core", "Oxite.Core\Oxite.Core.csproj", "{6AA4D713-CC13-4C73-9DF5-582F03FC8E5D}"
EndProject
Project("{FAE04EC0-301F-11D3-BF4B-00C04F79EFBC}") = "Oxite.FormsAuthentication", "Oxite.FormsAuthentication\Oxite.FormsAuthentication.csproj", "{742305E0-CCA3-4AAD-B8EC-547E51C680A8}"
EndProject
Project("{2150E333-8FDC-42A3-9474-1A3956D46DE8}") = "Modules", "Modules", "{977FEAC6-4F0B-4665-93A1-887A4D694DFE}"
EndProject
Project("{FAE04EC0-301F-11D3-BF4B-00C04F79EFBC}") = "Oxite.Plugins", "Oxite.Plugins\Oxite.Plugins.csproj", "{57FA13BA-8541-4FD1-B93A-2CAD8542F92D}"
EndProject
Project("{FAE04EC0-301F-11D3-BF4B-00C04F79EFBC}") = "Oxite.Blogs", "Oxite.Blogs\Oxite.Blogs.csproj", "{FDDD5FC8-4CD7-49AC-A1F8-16BA8F0359CD}"
EndProject
Project("{FAE04EC0-301F-11D3-BF4B-00C04F79EFBC}") = "Oxite.CMS", "Oxite.CMS\Oxite.CMS.csproj", "{9AAA42D3-8F6B-4EA0-B67A-0A8E4AC403EC}"
EndProject
Project("{FAE04EC0-301F-11D3-BF4B-00C04F79EFBC}") = "Oxite.Membership", "Oxite.Membership\Oxite.Membership.csproj", "{9DB839B1-A319-44C3-ABF8-6FAE559F500C}"
EndProject
Project("{FAE04EC0-301F-11D3-BF4B-00C04F79EFBC}") = "Oxite.AspNetCache", "Oxite.AspNetCache\Oxite.AspNetCache.csproj", "{42225294-B776-4DE3-96E5-446050C946A7}"
EndProject
Project("{FAE04EC0-301F-11D3-BF4B-00C04F79EFBC}") = "Oxite.BlogML", "Oxite.BlogML\Oxite.BlogML.csproj", "{E9899C80-57A4-4AC7-A50C-4B14AACC4A58}"
EndProject
Project("{FAE04EC0-301F-11D3-BF4B-00C04F79EFBC}") = "Oxite.MetaWeblog", "Oxite.MetaWeblog\Oxite.MetaWeblog.csproj", "{BF199069-BECA-4E99-99C0-8BFBFA4A2428}"
EndProject
Project("{FAE04EC0-301F-11D3-BF4B-00C04F79EFBC}") = "Oxite.Setup", "Oxite.Setup\Oxite.Setup.csproj", "{21EE56F7-D4A8-4C3E-BD83-67F90BEF370B}"
EndProject
Project("{FAE04EC0-301F-11D3-BF4B-00C04F79EFBC}") = "Oxite.Search", "Oxite.Search\Oxite.Search.csproj", "{190D388A-3A7E-475A-B2A9-716C94073125}"
EndProject
Project("{FAE04EC0-301F-11D3-BF4B-00C04F79EFBC}") = "Oxite.Conferences", "Oxite.Conferences\Oxite.Conferences.csproj", "{AB169B00-83EE-4F00-BFA5-A1A4D976A8EA}"
EndProject
Project("{FAE04EC0-301F-11D3-BF4B-00C04F79EFBC}") = "BlogML", "BlogML\BlogML.csproj", "{000506E7-E4E2-4802-A1F0-3D5F33D94E92}"
EndProject
Global
	GlobalSection(SubversionScc) = preSolution
		Svn-Managed = True
		Manager = AnkhSVN - Subversion Support for Visual Studio
	EndGlobalSection
	GlobalSection(SolutionConfigurationPlatforms) = preSolution
		Debug|Any CPU = Debug|Any CPU
		Default|Any CPU = Default|Any CPU
		Release|Any CPU = Release|Any CPU
	EndGlobalSection
	GlobalSection(ProjectConfigurationPlatforms) = postSolution
		{D54AF39D-CB43-4D32-A89D-D55EE924AB57}.Debug|Any CPU.ActiveCfg = Debug|Any CPU
		{D54AF39D-CB43-4D32-A89D-D55EE924AB57}.Debug|Any CPU.Build.0 = Debug|Any CPU
		{D54AF39D-CB43-4D32-A89D-D55EE924AB57}.Default|Any CPU.ActiveCfg = Debug|Any CPU
		{D54AF39D-CB43-4D32-A89D-D55EE924AB57}.Default|Any CPU.Build.0 = Debug|Any CPU
		{D54AF39D-CB43-4D32-A89D-D55EE924AB57}.Release|Any CPU.ActiveCfg = Release|Any CPU
		{D54AF39D-CB43-4D32-A89D-D55EE924AB57}.Release|Any CPU.Build.0 = Release|Any CPU
		{AB46017D-6A0A-48E2-8E27-FE2E73BEFAC4}.Debug|Any CPU.ActiveCfg = Default|Any CPU
		{AB46017D-6A0A-48E2-8E27-FE2E73BEFAC4}.Debug|Any CPU.Build.0 = Default|Any CPU
		{AB46017D-6A0A-48E2-8E27-FE2E73BEFAC4}.Default|Any CPU.ActiveCfg = Default|Any CPU
		{AB46017D-6A0A-48E2-8E27-FE2E73BEFAC4}.Default|Any CPU.Build.0 = Default|Any CPU
		{AB46017D-6A0A-48E2-8E27-FE2E73BEFAC4}.Default|Any CPU.Deploy.0 = Default|Any CPU
		{AB46017D-6A0A-48E2-8E27-FE2E73BEFAC4}.Release|Any CPU.ActiveCfg = Default|Any CPU
		{AB46017D-6A0A-48E2-8E27-FE2E73BEFAC4}.Release|Any CPU.Build.0 = Default|Any CPU
		{AB46017D-6A0A-48E2-8E27-FE2E73BEFAC4}.Release|Any CPU.Deploy.0 = Default|Any CPU
		{9F3B77E5-FD70-4C94-A8DE-503357FE7174}.Debug|Any CPU.ActiveCfg = Debug|Any CPU
		{9F3B77E5-FD70-4C94-A8DE-503357FE7174}.Debug|Any CPU.Build.0 = Debug|Any CPU
		{9F3B77E5-FD70-4C94-A8DE-503357FE7174}.Default|Any CPU.ActiveCfg = Debug|Any CPU
		{9F3B77E5-FD70-4C94-A8DE-503357FE7174}.Default|Any CPU.Build.0 = Debug|Any CPU
		{9F3B77E5-FD70-4C94-A8DE-503357FE7174}.Release|Any CPU.ActiveCfg = Release|Any CPU
		{9F3B77E5-FD70-4C94-A8DE-503357FE7174}.Release|Any CPU.Build.0 = Release|Any CPU
		{6AA4D713-CC13-4C73-9DF5-582F03FC8E5D}.Debug|Any CPU.ActiveCfg = Debug|Any CPU
		{6AA4D713-CC13-4C73-9DF5-582F03FC8E5D}.Debug|Any CPU.Build.0 = Debug|Any CPU
		{6AA4D713-CC13-4C73-9DF5-582F03FC8E5D}.Default|Any CPU.ActiveCfg = Debug|Any CPU
		{6AA4D713-CC13-4C73-9DF5-582F03FC8E5D}.Default|Any CPU.Build.0 = Debug|Any CPU
		{6AA4D713-CC13-4C73-9DF5-582F03FC8E5D}.Release|Any CPU.ActiveCfg = Release|Any CPU
		{6AA4D713-CC13-4C73-9DF5-582F03FC8E5D}.Release|Any CPU.Build.0 = Release|Any CPU
		{742305E0-CCA3-4AAD-B8EC-547E51C680A8}.Debug|Any CPU.ActiveCfg = Debug|Any CPU
		{742305E0-CCA3-4AAD-B8EC-547E51C680A8}.Debug|Any CPU.Build.0 = Debug|Any CPU
		{742305E0-CCA3-4AAD-B8EC-547E51C680A8}.Default|Any CPU.ActiveCfg = Debug|Any CPU
		{742305E0-CCA3-4AAD-B8EC-547E51C680A8}.Default|Any CPU.Build.0 = Debug|Any CPU
		{742305E0-CCA3-4AAD-B8EC-547E51C680A8}.Release|Any CPU.ActiveCfg = Release|Any CPU
		{742305E0-CCA3-4AAD-B8EC-547E51C680A8}.Release|Any CPU.Build.0 = Release|Any CPU
		{57FA13BA-8541-4FD1-B93A-2CAD8542F92D}.Debug|Any CPU.ActiveCfg = Debug|Any CPU
		{57FA13BA-8541-4FD1-B93A-2CAD8542F92D}.Debug|Any CPU.Build.0 = Debug|Any CPU
		{57FA13BA-8541-4FD1-B93A-2CAD8542F92D}.Default|Any CPU.ActiveCfg = Debug|Any CPU
		{57FA13BA-8541-4FD1-B93A-2CAD8542F92D}.Default|Any CPU.Build.0 = Debug|Any CPU
		{57FA13BA-8541-4FD1-B93A-2CAD8542F92D}.Release|Any CPU.ActiveCfg = Release|Any CPU
		{57FA13BA-8541-4FD1-B93A-2CAD8542F92D}.Release|Any CPU.Build.0 = Release|Any CPU
		{FDDD5FC8-4CD7-49AC-A1F8-16BA8F0359CD}.Debug|Any CPU.ActiveCfg = Debug|Any CPU
		{FDDD5FC8-4CD7-49AC-A1F8-16BA8F0359CD}.Debug|Any CPU.Build.0 = Debug|Any CPU
		{FDDD5FC8-4CD7-49AC-A1F8-16BA8F0359CD}.Default|Any CPU.ActiveCfg = Debug|Any CPU
		{FDDD5FC8-4CD7-49AC-A1F8-16BA8F0359CD}.Default|Any CPU.Build.0 = Debug|Any CPU
		{FDDD5FC8-4CD7-49AC-A1F8-16BA8F0359CD}.Release|Any CPU.ActiveCfg = Release|Any CPU
		{FDDD5FC8-4CD7-49AC-A1F8-16BA8F0359CD}.Release|Any CPU.Build.0 = Release|Any CPU
		{9AAA42D3-8F6B-4EA0-B67A-0A8E4AC403EC}.Debug|Any CPU.ActiveCfg = Debug|Any CPU
		{9AAA42D3-8F6B-4EA0-B67A-0A8E4AC403EC}.Debug|Any CPU.Build.0 = Debug|Any CPU
		{9AAA42D3-8F6B-4EA0-B67A-0A8E4AC403EC}.Default|Any CPU.ActiveCfg = Debug|Any CPU
		{9AAA42D3-8F6B-4EA0-B67A-0A8E4AC403EC}.Default|Any CPU.Build.0 = Debug|Any CPU
		{9AAA42D3-8F6B-4EA0-B67A-0A8E4AC403EC}.Release|Any CPU.ActiveCfg = Release|Any CPU
		{9AAA42D3-8F6B-4EA0-B67A-0A8E4AC403EC}.Release|Any CPU.Build.0 = Release|Any CPU
		{9DB839B1-A319-44C3-ABF8-6FAE559F500C}.Debug|Any CPU.ActiveCfg = Debug|Any CPU
		{9DB839B1-A319-44C3-ABF8-6FAE559F500C}.Debug|Any CPU.Build.0 = Debug|Any CPU
		{9DB839B1-A319-44C3-ABF8-6FAE559F500C}.Default|Any CPU.ActiveCfg = Debug|Any CPU
		{9DB839B1-A319-44C3-ABF8-6FAE559F500C}.Default|Any CPU.Build.0 = Debug|Any CPU
		{9DB839B1-A319-44C3-ABF8-6FAE559F500C}.Release|Any CPU.ActiveCfg = Release|Any CPU
		{9DB839B1-A319-44C3-ABF8-6FAE559F500C}.Release|Any CPU.Build.0 = Release|Any CPU
		{42225294-B776-4DE3-96E5-446050C946A7}.Debug|Any CPU.ActiveCfg = Debug|Any CPU
		{42225294-B776-4DE3-96E5-446050C946A7}.Debug|Any CPU.Build.0 = Debug|Any CPU
		{42225294-B776-4DE3-96E5-446050C946A7}.Default|Any CPU.ActiveCfg = Debug|Any CPU
		{42225294-B776-4DE3-96E5-446050C946A7}.Default|Any CPU.Build.0 = Debug|Any CPU
		{42225294-B776-4DE3-96E5-446050C946A7}.Release|Any CPU.ActiveCfg = Release|Any CPU
		{42225294-B776-4DE3-96E5-446050C946A7}.Release|Any CPU.Build.0 = Release|Any CPU
		{E9899C80-57A4-4AC7-A50C-4B14AACC4A58}.Debug|Any CPU.ActiveCfg = Debug|Any CPU
		{E9899C80-57A4-4AC7-A50C-4B14AACC4A58}.Debug|Any CPU.Build.0 = Debug|Any CPU
		{E9899C80-57A4-4AC7-A50C-4B14AACC4A58}.Default|Any CPU.ActiveCfg = Debug|Any CPU
		{E9899C80-57A4-4AC7-A50C-4B14AACC4A58}.Default|Any CPU.Build.0 = Debug|Any CPU
		{E9899C80-57A4-4AC7-A50C-4B14AACC4A58}.Release|Any CPU.ActiveCfg = Release|Any CPU
		{E9899C80-57A4-4AC7-A50C-4B14AACC4A58}.Release|Any CPU.Build.0 = Release|Any CPU
		{BF199069-BECA-4E99-99C0-8BFBFA4A2428}.Debug|Any CPU.ActiveCfg = Debug|Any CPU
		{BF199069-BECA-4E99-99C0-8BFBFA4A2428}.Debug|Any CPU.Build.0 = Debug|Any CPU
		{BF199069-BECA-4E99-99C0-8BFBFA4A2428}.Default|Any CPU.ActiveCfg = Debug|Any CPU
		{BF199069-BECA-4E99-99C0-8BFBFA4A2428}.Default|Any CPU.Build.0 = Debug|Any CPU
		{BF199069-BECA-4E99-99C0-8BFBFA4A2428}.Release|Any CPU.ActiveCfg = Release|Any CPU
		{BF199069-BECA-4E99-99C0-8BFBFA4A2428}.Release|Any CPU.Build.0 = Release|Any CPU
		{21EE56F7-D4A8-4C3E-BD83-67F90BEF370B}.Debug|Any CPU.ActiveCfg = Debug|Any CPU
		{21EE56F7-D4A8-4C3E-BD83-67F90BEF370B}.Debug|Any CPU.Build.0 = Debug|Any CPU
		{21EE56F7-D4A8-4C3E-BD83-67F90BEF370B}.Default|Any CPU.ActiveCfg = Debug|Any CPU
		{21EE56F7-D4A8-4C3E-BD83-67F90BEF370B}.Default|Any CPU.Build.0 = Debug|Any CPU
		{21EE56F7-D4A8-4C3E-BD83-67F90BEF370B}.Release|Any CPU.ActiveCfg = Release|Any CPU
		{21EE56F7-D4A8-4C3E-BD83-67F90BEF370B}.Release|Any CPU.Build.0 = Release|Any CPU
		{190D388A-3A7E-475A-B2A9-716C94073125}.Debug|Any CPU.ActiveCfg = Debug|Any CPU
		{190D388A-3A7E-475A-B2A9-716C94073125}.Debug|Any CPU.Build.0 = Debug|Any CPU
		{190D388A-3A7E-475A-B2A9-716C94073125}.Default|Any CPU.ActiveCfg = Debug|Any CPU
		{190D388A-3A7E-475A-B2A9-716C94073125}.Default|Any CPU.Build.0 = Debug|Any CPU
		{190D388A-3A7E-475A-B2A9-716C94073125}.Release|Any CPU.ActiveCfg = Release|Any CPU
		{190D388A-3A7E-475A-B2A9-716C94073125}.Release|Any CPU.Build.0 = Release|Any CPU
		{AB169B00-83EE-4F00-BFA5-A1A4D976A8EA}.Debug|Any CPU.ActiveCfg = Debug|Any CPU
		{AB169B00-83EE-4F00-BFA5-A1A4D976A8EA}.Debug|Any CPU.Build.0 = Debug|Any CPU
		{AB169B00-83EE-4F00-BFA5-A1A4D976A8EA}.Default|Any CPU.ActiveCfg = Debug|Any CPU
		{AB169B00-83EE-4F00-BFA5-A1A4D976A8EA}.Default|Any CPU.Build.0 = Debug|Any CPU
		{AB169B00-83EE-4F00-BFA5-A1A4D976A8EA}.Release|Any CPU.ActiveCfg = Release|Any CPU
		{AB169B00-83EE-4F00-BFA5-A1A4D976A8EA}.Release|Any CPU.Build.0 = Release|Any CPU
		{000506E7-E4E2-4802-A1F0-3D5F33D94E92}.Debug|Any CPU.ActiveCfg = Debug|Any CPU
		{000506E7-E4E2-4802-A1F0-3D5F33D94E92}.Debug|Any CPU.Build.0 = Debug|Any CPU
		{000506E7-E4E2-4802-A1F0-3D5F33D94E92}.Default|Any CPU.ActiveCfg = Debug|Any CPU
		{000506E7-E4E2-4802-A1F0-3D5F33D94E92}.Default|Any CPU.Build.0 = Debug|Any CPU
		{000506E7-E4E2-4802-A1F0-3D5F33D94E92}.Release|Any CPU.ActiveCfg = Release|Any CPU
		{000506E7-E4E2-4802-A1F0-3D5F33D94E92}.Release|Any CPU.Build.0 = Release|Any CPU
	EndGlobalSection
	GlobalSection(SolutionProperties) = preSolution
		HideSolutionNode = FALSE
	EndGlobalSection
	GlobalSection(NestedProjects) = preSolution
		{742305E0-CCA3-4AAD-B8EC-547E51C680A8} = {977FEAC6-4F0B-4665-93A1-887A4D694DFE}
		{6AA4D713-CC13-4C73-9DF5-582F03FC8E5D} = {977FEAC6-4F0B-4665-93A1-887A4D694DFE}
		{57FA13BA-8541-4FD1-B93A-2CAD8542F92D} = {977FEAC6-4F0B-4665-93A1-887A4D694DFE}
		{FDDD5FC8-4CD7-49AC-A1F8-16BA8F0359CD} = {977FEAC6-4F0B-4665-93A1-887A4D694DFE}
		{9AAA42D3-8F6B-4EA0-B67A-0A8E4AC403EC} = {977FEAC6-4F0B-4665-93A1-887A4D694DFE}
		{9DB839B1-A319-44C3-ABF8-6FAE559F500C} = {977FEAC6-4F0B-4665-93A1-887A4D694DFE}
		{42225294-B776-4DE3-96E5-446050C946A7} = {977FEAC6-4F0B-4665-93A1-887A4D694DFE}
		{E9899C80-57A4-4AC7-A50C-4B14AACC4A58} = {977FEAC6-4F0B-4665-93A1-887A4D694DFE}
		{BF199069-BECA-4E99-99C0-8BFBFA4A2428} = {977FEAC6-4F0B-4665-93A1-887A4D694DFE}
		{21EE56F7-D4A8-4C3E-BD83-67F90BEF370B} = {977FEAC6-4F0B-4665-93A1-887A4D694DFE}
		{190D388A-3A7E-475A-B2A9-716C94073125} = {977FEAC6-4F0B-4665-93A1-887A4D694DFE}
		{AB169B00-83EE-4F00-BFA5-A1A4D976A8EA} = {977FEAC6-4F0B-4665-93A1-887A4D694DFE}
		{000506E7-E4E2-4802-A1F0-3D5F33D94E92} = {977FEAC6-4F0B-4665-93A1-887A4D694DFE}
	EndGlobalSection
	GlobalSection(TeamFoundationVersionControl) = preSolution
		SccNumberOfProjects = 16
		SccEnterpriseProvider = {4CA58AB2-18FA-4F8D-95D4-32DDF27D184C}
		SccTeamFoundationServer = https://tfs04.codeplex.com/
		SccLocalPath0 = .
		SccProjectUniqueName1 = Oxite.Database\\Oxite.Database.dbproj
		SccProjectName1 = Oxite.Database
		SccLocalPath1 = Oxite.Database
		SccProjectUniqueName2 = Oxite\\Oxite.csproj
		SccProjectName2 = Oxite
		SccLocalPath2 = Oxite
		SccProjectUniqueName3 = OxiteSite\\OxiteSite.csproj
		SccProjectName3 = OxiteSite
		SccLocalPath3 = OxiteSite
		SccProjectUniqueName4 = Oxite.Core\\Oxite.Core.csproj
		SccProjectTopLevelParentUniqueName4 = Oxite.Dev.sln
		SccProjectName4 = Oxite.Core
		SccLocalPath4 = Oxite.Core
		SccProjectUniqueName5 = Oxite.FormsAuthentication\\Oxite.FormsAuthentication.csproj
		SccProjectTopLevelParentUniqueName5 = Oxite.Dev.sln
		SccProjectName5 = Oxite.FormsAuthentication
		SccLocalPath5 = Oxite.FormsAuthentication
		SccProjectUniqueName6 = Oxite.Plugins\\Oxite.Plugins.csproj
		SccProjectTopLevelParentUniqueName6 = Oxite.Dev.sln
		SccProjectName6 = Oxite.Plugins
		SccLocalPath6 = Oxite.Plugins
		SccProjectUniqueName7 = Oxite.Blogs\\Oxite.Blogs.csproj
		SccProjectTopLevelParentUniqueName7 = Oxite.Dev.sln
		SccProjectName7 = Oxite.Blogs
		SccLocalPath7 = Oxite.Blogs
		SccProjectUniqueName8 = Oxite.CMS\\Oxite.CMS.csproj
		SccProjectTopLevelParentUniqueName8 = Oxite.Dev.sln
		SccProjectName8 = Oxite.CMS
		SccLocalPath8 = Oxite.CMS
		SccProjectUniqueName9 = Oxite.Membership\\Oxite.Membership.csproj
		SccProjectTopLevelParentUniqueName9 = Oxite.Dev.sln
		SccProjectName9 = Oxite.Membership
		SccLocalPath9 = Oxite.Membership
		SccProjectUniqueName10 = Oxite.AspNetCache\\Oxite.AspNetCache.csproj
		SccProjectTopLevelParentUniqueName10 = Oxite.Dev.sln
		SccProjectName10 = Oxite.AspNetCache
		SccLocalPath10 = Oxite.AspNetCache
		SccProjectUniqueName11 = Oxite.BlogML\\Oxite.BlogML.csproj
		SccProjectTopLevelParentUniqueName11 = Oxite.Dev.sln
		SccProjectName11 = Oxite.BlogML
		SccLocalPath11 = Oxite.BlogML
		SccProjectUniqueName12 = Oxite.MetaWeblog\\Oxite.MetaWeblog.csproj
		SccProjectTopLevelParentUniqueName12 = Oxite.Dev.sln
		SccProjectName12 = Oxite.MetaWeblog
		SccLocalPath12 = Oxite.MetaWeblog
		SccProjectUniqueName13 = Oxite.Setup\\Oxite.Setup.csproj
		SccProjectTopLevelParentUniqueName13 = Oxite.Dev.sln
		SccProjectName13 = Oxite.Setup
		SccLocalPath13 = Oxite.Setup
		SccProjectUniqueName14 = Oxite.Search\\Oxite.Search.csproj
		SccProjectTopLevelParentUniqueName14 = Oxite.Dev.sln
		SccProjectName14 = Oxite.Search
		SccLocalPath14 = Oxite.Search
		SccProjectUniqueName15 = Oxite.Conferences\\Oxite.Conferences.csproj
		SccProjectTopLevelParentUniqueName15 = Oxite.Dev.sln
		SccProjectName15 = Oxite.Conferences
		SccLocalPath15 = Oxite.Conferences
	EndGlobalSection
EndGlobal
